[[package]]
category = "main"
description = "enums for Python"
name = "k"
optional = false
python-versions = "*"
version = "0.0.1"

[metadata]
content-hash = "edb455dd9f106e32baeaa2936fbb330c9384ed8b53c3929fa72d8f1edd9a57f3"
python-versions = "^3.8"

[metadata.files]
k = [
    {file = "k-0.0.1.tar.gz", hash = "sha256:9e2c6a8d6a95ff7a56e16f07ccff7660e5cc350705ea5e123700ed4c1ceede12"},
]
